
Microsoft Visual Studio Solution File, Format Version 12.00
# Visual Studio 2012
Project("{2150E333-8FDC-42A3-9474-1A3956D46DE8}") = "Src", "Src", "{476E8FFB-3B18-44CC-BB2F-D8B6EABC5D8B}"
EndProject
Project("{2150E333-8FDC-42A3-9474-1A3956D46DE8}") = "Test", "Test", "{A7C42761-235C-4E59-8E29-6A82686BD78E}"
EndProject
Project("{FAE04EC0-301F-11D3-BF4B-00C04F79EFBC}") = "[3]Biz", "Src\[3]Biz\[3]Biz.csproj", "{DEF24B1A-0437-4F46-A254-A190837B08C7}"
EndProject
Project("{FAE04EC0-301F-11D3-BF4B-00C04F79EFBC}") = "[9]Infrastructure", "Src\[9]Infrastructure\[9]Infrastructure.csproj", "{B8B33FF9-49C9-4AA9-B9E4-0BCF1B1BCF5A}"
EndProject
Project("{FAE04EC0-301F-11D3-BF4B-00C04F79EFBC}") = "[8]Daemon", "Src\[8]Daemon\[8]Daemon.csproj", "{C2500769-80C3-4160-9E22-BE7A2FA9ADB4}"
EndProject
Project("{FAE04EC0-301F-11D3-BF4B-00C04F79EFBC}") = "[7]Query", "Src\[7]Query\[7]Query.csproj", "{F90DB2E9-34E8-4118-A824-CBAA9A977270}"
EndProject
Project("{2150E333-8FDC-42A3-9474-1A3956D46DE8}") = ".nuget", ".nuget", "{5794D1F1-5885-4398-8B4D-FCEA985970F0}"
	ProjectSection(SolutionItems) = preProject
		.nuget\NuGet.Config = .nuget\NuGet.Config
		.nuget\NuGet.exe = .nuget\NuGet.exe
		.nuget\NuGet.targets = .nuget\NuGet.targets
	EndProjectSection
EndProject
Project("{FAE04EC0-301F-11D3-BF4B-00C04F79EFBC}") = "[1]FrontUI", "Src\[1]FrontUI\[1]FrontUI.csproj", "{8010A7D7-DE1F-4998-B0A4-FE8E8AAFBF2B}"
EndProject
Project("{FAE04EC0-301F-11D3-BF4B-00C04F79EFBC}") = "[2]BackendService", "Src\[2]BackendService\[2]BackendService.csproj", "{16052A7A-547C-4693-8A47-0F0679112197}"
EndProject
Project("{FAE04EC0-301F-11D3-BF4B-00C04F79EFBC}") = "[2]BackendService.Test", "Test\[2]BackendService.Test\[2]BackendService.Test.csproj", "{8AD79793-F469-4525-A954-4CAF62621F19}"
EndProject
Project("{FAE04EC0-301F-11D3-BF4B-00C04F79EFBC}") = "[3]Biz.Test", "Test\[3]Biz.Test\[3]Biz.Test.csproj", "{B1646820-DCA7-4612-8231-AE93A070B7E1}"
EndProject
Project("{FAE04EC0-301F-11D3-BF4B-00C04F79EFBC}") = "[7]Query.Test", "Test\[7]Query.Test\[7]Query.Test.csproj", "{E19985F7-AE37-4864-A51E-84DAE29AEB39}"
EndProject
Project("{FAE04EC0-301F-11D3-BF4B-00C04F79EFBC}") = "[9]Infrastructure.Test", "Test\[9]Infrastructure.Test\[9]Infrastructure.Test.csproj", "{E14A6586-351B-4F0D-95E9-F6FBA5C3A616}"
EndProject
Global
	GlobalSection(SolutionConfigurationPlatforms) = preSolution
		Debug|Any CPU = Debug|Any CPU
		Release|Any CPU = Release|Any CPU
	EndGlobalSection
	GlobalSection(ProjectConfigurationPlatforms) = postSolution
		{DEF24B1A-0437-4F46-A254-A190837B08C7}.Debug|Any CPU.ActiveCfg = Debug|Any CPU
		{DEF24B1A-0437-4F46-A254-A190837B08C7}.Debug|Any CPU.Build.0 = Debug|Any CPU
		{DEF24B1A-0437-4F46-A254-A190837B08C7}.Release|Any CPU.ActiveCfg = Release|Any CPU
		{DEF24B1A-0437-4F46-A254-A190837B08C7}.Release|Any CPU.Build.0 = Release|Any CPU
		{B8B33FF9-49C9-4AA9-B9E4-0BCF1B1BCF5A}.Debug|Any CPU.ActiveCfg = Debug|Any CPU
		{B8B33FF9-49C9-4AA9-B9E4-0BCF1B1BCF5A}.Debug|Any CPU.Build.0 = Debug|Any CPU
		{B8B33FF9-49C9-4AA9-B9E4-0BCF1B1BCF5A}.Release|Any CPU.ActiveCfg = Release|Any CPU
		{B8B33FF9-49C9-4AA9-B9E4-0BCF1B1BCF5A}.Release|Any CPU.Build.0 = Release|Any CPU
		{C2500769-80C3-4160-9E22-BE7A2FA9ADB4}.Debug|Any CPU.ActiveCfg = Debug|Any CPU
		{C2500769-80C3-4160-9E22-BE7A2FA9ADB4}.Debug|Any CPU.Build.0 = Debug|Any CPU
		{C2500769-80C3-4160-9E22-BE7A2FA9ADB4}.Release|Any CPU.ActiveCfg = Release|Any CPU
		{C2500769-80C3-4160-9E22-BE7A2FA9ADB4}.Release|Any CPU.Build.0 = Release|Any CPU
		{F90DB2E9-34E8-4118-A824-CBAA9A977270}.Debug|Any CPU.ActiveCfg = Debug|Any CPU
		{F90DB2E9-34E8-4118-A824-CBAA9A977270}.Debug|Any CPU.Build.0 = Debug|Any CPU
		{F90DB2E9-34E8-4118-A824-CBAA9A977270}.Release|Any CPU.ActiveCfg = Release|Any CPU
		{F90DB2E9-34E8-4118-A824-CBAA9A977270}.Release|Any CPU.Build.0 = Release|Any CPU
		{8010A7D7-DE1F-4998-B0A4-FE8E8AAFBF2B}.Debug|Any CPU.ActiveCfg = Debug|Any CPU
		{8010A7D7-DE1F-4998-B0A4-FE8E8AAFBF2B}.Debug|Any CPU.Build.0 = Debug|Any CPU
		{8010A7D7-DE1F-4998-B0A4-FE8E8AAFBF2B}.Release|Any CPU.ActiveCfg = Release|Any CPU
		{8010A7D7-DE1F-4998-B0A4-FE8E8AAFBF2B}.Release|Any CPU.Build.0 = Release|Any CPU
		{16052A7A-547C-4693-8A47-0F0679112197}.Debug|Any CPU.ActiveCfg = Debug|Any CPU
		{16052A7A-547C-4693-8A47-0F0679112197}.Debug|Any CPU.Build.0 = Debug|Any CPU
		{16052A7A-547C-4693-8A47-0F0679112197}.Release|Any CPU.ActiveCfg = Release|Any CPU
		{16052A7A-547C-4693-8A47-0F0679112197}.Release|Any CPU.Build.0 = Release|Any CPU
		{8AD79793-F469-4525-A954-4CAF62621F19}.Debug|Any CPU.ActiveCfg = Debug|Any CPU
		{8AD79793-F469-4525-A954-4CAF62621F19}.Debug|Any CPU.Build.0 = Debug|Any CPU
		{8AD79793-F469-4525-A954-4CAF62621F19}.Release|Any CPU.ActiveCfg = Release|Any CPU
		{8AD79793-F469-4525-A954-4CAF62621F19}.Release|Any CPU.Build.0 = Release|Any CPU
		{B1646820-DCA7-4612-8231-AE93A070B7E1}.Debug|Any CPU.ActiveCfg = Debug|Any CPU
		{B1646820-DCA7-4612-8231-AE93A070B7E1}.Debug|Any CPU.Build.0 = Debug|Any CPU
		{B1646820-DCA7-4612-8231-AE93A070B7E1}.Release|Any CPU.ActiveCfg = Release|Any CPU
		{B1646820-DCA7-4612-8231-AE93A070B7E1}.Release|Any CPU.Build.0 = Release|Any CPU
		{E19985F7-AE37-4864-A51E-84DAE29AEB39}.Debug|Any CPU.ActiveCfg = Debug|Any CPU
		{E19985F7-AE37-4864-A51E-84DAE29AEB39}.Debug|Any CPU.Build.0 = Debug|Any CPU
		{E19985F7-AE37-4864-A51E-84DAE29AEB39}.Release|Any CPU.ActiveCfg = Release|Any CPU
		{E19985F7-AE37-4864-A51E-84DAE29AEB39}.Release|Any CPU.Build.0 = Release|Any CPU
		{E14A6586-351B-4F0D-95E9-F6FBA5C3A616}.Debug|Any CPU.ActiveCfg = Debug|Any CPU
		{E14A6586-351B-4F0D-95E9-F6FBA5C3A616}.Debug|Any CPU.Build.0 = Debug|Any CPU
		{E14A6586-351B-4F0D-95E9-F6FBA5C3A616}.Release|Any CPU.ActiveCfg = Release|Any CPU
		{E14A6586-351B-4F0D-95E9-F6FBA5C3A616}.Release|Any CPU.Build.0 = Release|Any CPU
	EndGlobalSection
	GlobalSection(SolutionProperties) = preSolution
		HideSolutionNode = FALSE
	EndGlobalSection
	GlobalSection(NestedProjects) = preSolution
		{DEF24B1A-0437-4F46-A254-A190837B08C7} = {476E8FFB-3B18-44CC-BB2F-D8B6EABC5D8B}
		{B8B33FF9-49C9-4AA9-B9E4-0BCF1B1BCF5A} = {476E8FFB-3B18-44CC-BB2F-D8B6EABC5D8B}
		{C2500769-80C3-4160-9E22-BE7A2FA9ADB4} = {476E8FFB-3B18-44CC-BB2F-D8B6EABC5D8B}
		{F90DB2E9-34E8-4118-A824-CBAA9A977270} = {476E8FFB-3B18-44CC-BB2F-D8B6EABC5D8B}
		{8010A7D7-DE1F-4998-B0A4-FE8E8AAFBF2B} = {476E8FFB-3B18-44CC-BB2F-D8B6EABC5D8B}
		{16052A7A-547C-4693-8A47-0F0679112197} = {476E8FFB-3B18-44CC-BB2F-D8B6EABC5D8B}
		{8AD79793-F469-4525-A954-4CAF62621F19} = {A7C42761-235C-4E59-8E29-6A82686BD78E}
		{B1646820-DCA7-4612-8231-AE93A070B7E1} = {A7C42761-235C-4E59-8E29-6A82686BD78E}
		{E19985F7-AE37-4864-A51E-84DAE29AEB39} = {A7C42761-235C-4E59-8E29-6A82686BD78E}
		{E14A6586-351B-4F0D-95E9-F6FBA5C3A616} = {A7C42761-235C-4E59-8E29-6A82686BD78E}
	EndGlobalSection
EndGlobal
